PODS:
  - Alamofire (3.4.1)
  - AlamofireImage (2.4.1):
    - Alamofire (~> 3.3)
  - CocoaAsyncSocket (7.5.0):
    - CocoaAsyncSocket/GCD (= 7.5.0)
  - CocoaAsyncSocket/GCD (7.5.0)
  - Colours/Swift (5.13.0)
  - OMGHTTPURLRQ (3.2.0):
    - OMGHTTPURLRQ/RQ (= 3.2.0)
  - OMGHTTPURLRQ/FormURLEncode (3.2.0)
  - OMGHTTPURLRQ/RQ (3.2.0):
    - OMGHTTPURLRQ/FormURLEncode
    - OMGHTTPURLRQ/UserAgent
  - OMGHTTPURLRQ/UserAgent (3.2.0)
  - PromiseKit (3.5.0):
    - PromiseKit/Foundation (= 3.5.0)
    - PromiseKit/QuartzCore (= 3.5.0)
    - PromiseKit/UIKit (= 3.5.0)
  - PromiseKit/CorePromise (3.5.0)
  - PromiseKit/Foundation (3.5.0):
    - OMGHTTPURLRQ (~> 3.2.0)
    - PromiseKit/CorePromise
  - PromiseKit/QuartzCore (3.5.0):
    - PromiseKit/CorePromise
  - PromiseKit/UIKit (3.5.0):
    - PromiseKit/CorePromise
  - SwiftSockets (0.22.2)

DEPENDENCIES:
  - Alamofire (~> 3.4)
  - AlamofireImage (~> 2.0)
  - CocoaAsyncSocket
  - Colours/Swift
  - PromiseKit (~> 3.4)
  - SwiftSockets

SPEC CHECKSUMS:
  Alamofire: 01a82e2f6c0f860ade35534c8dd88be61bdef40c
  AlamofireImage: 3ccf3347d9ea24580dc11fb892770a0be6a29826
  CocoaAsyncSocket: 3baeb1ddd969f81cf9fca81053ae49ef2d1cbbfa
  Colours: f24220c38f13deac88612667e9b4a7fb96b871d4
  OMGHTTPURLRQ: 1e54807cb7d5dbb506926e53498e1e9ac5720c79
  PromiseKit: 3a8a529c0571f8c2c423dba0897ff39bc060bf92
  SwiftSockets: d916d27000b05fd7cb89ce27047d70242fd31596

COCOAPODS: 0.39.0
